
Microsoft Visual Studio Solution File, Format Version 12.00
# Visual Studio Express 2012 for Web
Project("{FAE04EC0-301F-11D3-BF4B-00C04F79EFBC}") = "WebRole1", "WebRole1.csproj", "{04983EA3-9ECC-4BE5-8636-28F59F2B44B1}"
EndProject
Project("{CC5FD16D-436D-48AD-A40C-5A424C6E3E79}") = "WebRole1.Azure", "WebRole1.Azure\WebRole1.Azure.ccproj", "{BFC503B0-0AB4-4BE5-96F4-9818C3BC8252}"
EndProject
Global
	GlobalSection(SolutionConfigurationPlatforms) = preSolution
		Debug|Any CPU = Debug|Any CPU
		Release|Any CPU = Release|Any CPU
	EndGlobalSection
	GlobalSection(ProjectConfigurationPlatforms) = postSolution
		{04983EA3-9ECC-4BE5-8636-28F59F2B44B1}.Debug|Any CPU.ActiveCfg = Debug|Any CPU
		{04983EA3-9ECC-4BE5-8636-28F59F2B44B1}.Debug|Any CPU.Build.0 = Debug|Any CPU
		{04983EA3-9ECC-4BE5-8636-28F59F2B44B1}.Release|Any CPU.ActiveCfg = Release|Any CPU
		{04983EA3-9ECC-4BE5-8636-28F59F2B44B1}.Release|Any CPU.Build.0 = Release|Any CPU
		{BFC503B0-0AB4-4BE5-96F4-9818C3BC8252}.Debug|Any CPU.ActiveCfg = Debug|Any CPU
		{BFC503B0-0AB4-4BE5-96F4-9818C3BC8252}.Debug|Any CPU.Build.0 = Debug|Any CPU
		{BFC503B0-0AB4-4BE5-96F4-9818C3BC8252}.Release|Any CPU.ActiveCfg = Release|Any CPU
		{BFC503B0-0AB4-4BE5-96F4-9818C3BC8252}.Release|Any CPU.Build.0 = Release|Any CPU
	EndGlobalSection
	GlobalSection(SolutionProperties) = preSolution
		HideSolutionNode = FALSE
	EndGlobalSection
EndGlobal
